
Microsoft Visual Studio Solution File, Format Version 12.00
# Visual Studio 16
Project("{FAE04EC0-301F-11D3-BF4B-00C04F79EFBC}") = "Assembly-CSharp", "Assembly-CSharp.csproj", "{7200FD2C-9634-9260-3EBA-4FE76E507ADF}"
EndProject
Project("{FAE04EC0-301F-11D3-BF4B-00C04F79EFBC}") = "Assembly-CSharp-Editor", "Assembly-CSharp-Editor.csproj", "{2E2B854F-766D-0949-7848-7C442CCAFA4D}"
EndProject
Global
	GlobalSection(SolutionConfigurationPlatforms) = preSolution
		Debug|Any CPU = Debug|Any CPU
		Release|Any CPU = Release|Any CPU
	EndGlobalSection
	GlobalSection(ProjectConfigurationPlatforms) = postSolution
		{7200FD2C-9634-9260-3EBA-4FE76E507ADF}.Debug|Any CPU.ActiveCfg = Debug|Any CPU
		{7200FD2C-9634-9260-3EBA-4FE76E507ADF}.Debug|Any CPU.Build.0 = Debug|Any CPU
		{7200FD2C-9634-9260-3EBA-4FE76E507ADF}.Release|Any CPU.ActiveCfg = Release|Any CPU
		{7200FD2C-9634-9260-3EBA-4FE76E507ADF}.Release|Any CPU.Build.0 = Release|Any CPU
		{2E2B854F-766D-0949-7848-7C442CCAFA4D}.Debug|Any CPU.ActiveCfg = Debug|Any CPU
		{2E2B854F-766D-0949-7848-7C442CCAFA4D}.Debug|Any CPU.Build.0 = Debug|Any CPU
		{2E2B854F-766D-0949-7848-7C442CCAFA4D}.Release|Any CPU.ActiveCfg = Release|Any CPU
		{2E2B854F-766D-0949-7848-7C442CCAFA4D}.Release|Any CPU.Build.0 = Release|Any CPU
	EndGlobalSection
	GlobalSection(SolutionProperties) = preSolution
		HideSolutionNode = FALSE
	EndGlobalSection
EndGlobal
